
Microsoft Visual Studio Solution File, Format Version 12.00
# Visual Studio 15
VisualStudioVersion = 15.0.28307.168
MinimumVisualStudioVersion = 10.0.40219.1
Project("{FAE04EC0-301F-11D3-BF4B-00C04F79EFBC}") = "c0731847", "c0731847\c0731847.csproj", "{D596CEB7-0181-4124-AB87-A8073F85ADE0}"
EndProject
Global
	GlobalSection(SolutionConfigurationPlatforms) = preSolution
		Debug|Any CPU = Debug|Any CPU
		Release|Any CPU = Release|Any CPU
	EndGlobalSection
	GlobalSection(ProjectConfigurationPlatforms) = postSolution
		{D596CEB7-0181-4124-AB87-A8073F85ADE0}.Debug|Any CPU.ActiveCfg = Debug|Any CPU
		{D596CEB7-0181-4124-AB87-A8073F85ADE0}.Debug|Any CPU.Build.0 = Debug|Any CPU
		{D596CEB7-0181-4124-AB87-A8073F85ADE0}.Release|Any CPU.ActiveCfg = Release|Any CPU
		{D596CEB7-0181-4124-AB87-A8073F85ADE0}.Release|Any CPU.Build.0 = Release|Any CPU
	EndGlobalSection
	GlobalSection(SolutionProperties) = preSolution
		HideSolutionNode = FALSE
	EndGlobalSection
	GlobalSection(ExtensibilityGlobals) = postSolution
		SolutionGuid = {40458C7D-4BD5-4553-82F5-E9EDB8A22F0F}
	EndGlobalSection
EndGlobal
